// !$*UTF8*$!
{
	archiveVersion = 1;
	classes = {
	};
	objectVersion = 46;
	objects = {

/* Begin PBXBuildFile section */
		C68F03CC14905E9500F12C95 /* UIKit.framework in Frameworks */ = {isa = PBXBuildFile; fileRef = C68F03CB14905E9500F12C95 /* UIKit.framework */; };
		C68F03CE14905E9500F12C95 /* Foundation.framework in Frameworks */ = {isa = PBXBuildFile; fileRef = C68F03CD14905E9500F12C95 /* Foundation.framework */; };
		C68F03D014905E9500F12C95 /* CoreGraphics.framework in Frameworks */ = {isa = PBXBuildFile; fileRef = C68F03CF14905E9500F12C95 /* CoreGraphics.framework */; };
		C68F03D614905E9500F12C95 /* InfoPlist.strings in Resources */ = {isa = PBXBuildFile; fileRef = C68F03D414905E9500F12C95 /* InfoPlist.strings */; };
		C68F03D814905E9500F12C95 /* main.m in Sources */ = {isa = PBXBuildFile; fileRef = C68F03D714905E9500F12C95 /* main.m */; };
		C68F03DC14905E9500F12C95 /* AppDelegate.m in Sources */ = {isa = PBXBuildFile; fileRef = C68F03DB14905E9500F12C95 /* AppDelegate.m */; };
		C68F03DF14905E9500F12C95 /* MainStoryboard.storyboard in Resources */ = {isa = PBXBuildFile; fileRef = C68F03DD14905E9500F12C95 /* MainStoryboard.storyboard */; };
		C68F03E214905E9500F12C95 /* FirstViewController.m in Sources */ = {isa = PBXBuildFile; fileRef = C68F03E114905E9500F12C95 /* FirstViewController.m */; };
		C68F03E414905E9500F12C95 /* first.png in Resources */ = {isa = PBXBuildFile; fileRef = C68F03E314905E9500F12C95 /* first.png */; };
		C68F03E614905E9500F12C95 /* first@2x.png in Resources */ = {isa = PBXBuildFile; fileRef = C68F03E514905E9500F12C95 /* first@2x.png */; };
		C68F03E914905E9500F12C95 /* SecondViewController.m in Sources */ = {isa = PBXBuildFile; fileRef = C68F03E814905E9500F12C95 /* SecondViewController.m */; };
		C68F03EB14905E9500F12C95 /* second.png in Resources */ = {isa = PBXBuildFile; fileRef = C68F03EA14905E9500F12C95 /* second.png */; };
		C68F03ED14905E9500F12C95 /* second@2x.png in Resources */ = {isa = PBXBuildFile; fileRef = C68F03EC14905E9500F12C95 /* second@2x.png */; };
		C68F03FF1490623300F12C95 /* drawing screen cap.png in Resources */ = {isa = PBXBuildFile; fileRef = C68F03FB1490623300F12C95 /* drawing screen cap.png */; };
		C68F04001490623300F12C95 /* DSCN0419.png in Resources */ = {isa = PBXBuildFile; fileRef = C68F03FC1490623300F12C95 /* DSCN0419.png */; };
		C68F04011490623300F12C95 /* DSCN0515.png in Resources */ = {isa = PBXBuildFile; fileRef = C68F03FD1490623300F12C95 /* DSCN0515.png */; };
		C68F04021490623300F12C95 /* DSCN1587.png in Resources */ = {isa = PBXBuildFile; fileRef = C68F03FE1490623300F12C95 /* DSCN1587.png */; };
		C6D3667B1490B97A0076C78D /* ModalViewController.m in Sources */ = {isa = PBXBuildFile; fileRef = C6D3667A1490B9790076C78D /* ModalViewController.m */; };
		C6D366801490BFAF0076C78D /* Icon@2x.png in Resources */ = {isa = PBXBuildFile; fileRef = C6D3667D1490BFAF0076C78D /* Icon@2x.png */; };
		C6D366821490BFAF0076C78D /* Icon.png in Resources */ = {isa = PBXBuildFile; fileRef = C6D3667F1490BFAF0076C78D /* Icon.png */; };
		C6D366861490C4B50076C78D /* Icon-72.png in Resources */ = {isa = PBXBuildFile; fileRef = C6D366851490C4B50076C78D /* Icon-72.png */; };
/* End PBXBuildFile section */

/* Begin PBXFileReference section */
		C68F03C714905E9500F12C95 /* Dec8.app */ = {isa = PBXFileReference; explicitFileType = wrapper.application; includeInIndex = 0; path = Dec8.app; sourceTree = BUILT_PRODUCTS_DIR; };
		C68F03CB14905E9500F12C95 /* UIKit.framework */ = {isa = PBXFileReference; lastKnownFileType = wrapper.framework; name = UIKit.framework; path = System/Library/Frameworks/UIKit.framework; sourceTree = SDKROOT; };
		C68F03CD14905E9500F12C95 /* Foundation.framework */ = {isa = PBXFileReference; lastKnownFileType = wrapper.framework; name = Foundation.framework; path = System/Library/Frameworks/Foundation.framework; sourceTree = SDKROOT; };
		C68F03CF14905E9500F12C95 /* CoreGraphics.framework */ = {isa = PBXFileReference; lastKnownFileType = wrapper.framework; name = CoreGraphics.framework; path = System/Library/Frameworks/CoreGraphics.framework; sourceTree = SDKROOT; };
		C68F03D314905E9500F12C95 /* Dec8-Info.plist */ = {isa = PBXFileReference; lastKnownFileType = text.plist.xml; path = "Dec8-Info.plist"; sourceTree = "<group>"; };
		C68F03D514905E9500F12C95 /* en */ = {isa = PBXFileReference; lastKnownFileType = text.plist.strings; name = en; path = en.lproj/InfoPlist.strings; sourceTree = "<group>"; };
		C68F03D714905E9500F12C95 /* main.m */ = {isa = PBXFileReference; lastKnownFileType = sourcecode.c.objc; path = main.m; sourceTree = "<group>"; };
		C68F03D914905E9500F12C95 /* Dec8-Prefix.pch */ = {isa = PBXFileReference; lastKnownFileType = sourcecode.c.h; path = "Dec8-Prefix.pch"; sourceTree = "<group>"; };
		C68F03DA14905E9500F12C95 /* AppDelegate.h */ = {isa = PBXFileReference; lastKnownFileType = sourcecode.c.h; path = AppDelegate.h; sourceTree = "<group>"; };
		C68F03DB14905E9500F12C95 /* AppDelegate.m */ = {isa = PBXFileReference; lastKnownFileType = sourcecode.c.objc; path = AppDelegate.m; sourceTree = "<group>"; };
		C68F03DE14905E9500F12C95 /* en */ = {isa = PBXFileReference; lastKnownFileType = file.storyboard; name = en; path = en.lproj/MainStoryboard.storyboard; sourceTree = "<group>"; };
		C68F03E014905E9500F12C95 /* FirstViewController.h */ = {isa = PBXFileReference; lastKnownFileType = sourcecode.c.h; path = FirstViewController.h; sourceTree = "<group>"; };
		C68F03E114905E9500F12C95 /* FirstViewController.m */ = {isa = PBXFileReference; lastKnownFileType = sourcecode.c.objc; path = FirstViewController.m; sourceTree = "<group>"; };
		C68F03E314905E9500F12C95 /* first.png */ = {isa = PBXFileReference; lastKnownFileType = image.png; path = first.png; sourceTree = "<group>"; };
		C68F03E514905E9500F12C95 /* first@2x.png */ = {isa = PBXFileReference; lastKnownFileType = image.png; path = "first@2x.png"; sourceTree = "<group>"; };
		C68F03E714905E9500F12C95 /* SecondViewController.h */ = {isa = PBXFileReference; lastKnownFileType = sourcecode.c.h; path = SecondViewController.h; sourceTree = "<group>"; };
		C68F03E814905E9500F12C95 /* SecondViewController.m */ = {isa = PBXFileReference; lastKnownFileType = sourcecode.c.objc; path = SecondViewController.m; sourceTree = "<group>"; };
		C68F03EA14905E9500F12C95 /* second.png */ = {isa = PBXFileReference; lastKnownFileType = image.png; path = second.png; sourceTree = "<group>"; };
		C68F03EC14905E9500F12C95 /* second@2x.png */ = {isa = PBXFileReference; lastKnownFileType = image.png; path = "second@2x.png"; sourceTree = "<group>"; };
		C68F03FB1490623300F12C95 /* drawing screen cap.png */ = {isa = PBXFileReference; lastKnownFileType = image.png; path = "drawing screen cap.png"; sourceTree = "<group>"; };
		C68F03FC1490623300F12C95 /* DSCN0419.png */ = {isa = PBXFileReference; lastKnownFileType = image.png; path = DSCN0419.png; sourceTree = "<group>"; };
		C68F03FD1490623300F12C95 /* DSCN0515.png */ = {isa = PBXFileReference; lastKnownFileType = image.png; path = DSCN0515.png; sourceTree = "<group>"; };
		C68F03FE1490623300F12C95 /* DSCN1587.png */ = {isa = PBXFileReference; lastKnownFileType = image.png; path = DSCN1587.png; sourceTree = "<group>"; };
		C6D366791490B9790076C78D /* ModalViewController.h */ = {isa = PBXFileReference; fileEncoding = 4; lastKnownFileType = sourcecode.c.h; path = ModalViewController.h; sourceTree = "<group>"; };
		C6D3667A1490B9790076C78D /* ModalViewController.m */ = {isa = PBXFileReference; fileEncoding = 4; lastKnownFileType = sourcecode.c.objc; path = ModalViewController.m; sourceTree = "<group>"; };
		C6D3667D1490BFAF0076C78D /* Icon@2x.png */ = {isa = PBXFileReference; lastKnownFileType = image.png; path = "Icon@2x.png"; sourceTree = "<group>"; };
		C6D3667F1490BFAF0076C78D /* Icon.png */ = {isa = PBXFileReference; lastKnownFileType = image.png; path = Icon.png; sourceTree = "<group>"; };
		C6D366851490C4B50076C78D /* Icon-72.png */ = {isa = PBXFileReference; lastKnownFileType = image.png; path = "Icon-72.png"; sourceTree = "<group>"; };
/* End PBXFileReference section */

/* Begin PBXFrameworksBuildPhase section */
		C68F03C414905E9500F12C95 /* Frameworks */ = {
			isa = PBXFrameworksBuildPhase;
			buildActionMask = 2147483647;
			files = (
				C68F03CC14905E9500F12C95 /* UIKit.framework in Frameworks */,
				C68F03CE14905E9500F12C95 /* Foundation.framework in Frameworks */,
				C68F03D014905E9500F12C95 /* CoreGraphics.framework in Frameworks */,
			);
			runOnlyForDeploymentPostprocessing = 0;
		};
/* End PBXFrameworksBuildPhase section */

/* Begin PBXGroup section */
		C68F03BC14905E9500F12C95 = {
			isa = PBXGroup;
			children = (
				C68F03D114905E9500F12C95 /* Dec8 */,
				C68F03CA14905E9500F12C95 /* Frameworks */,
				C68F03C814905E9500F12C95 /* Products */,
			);
			sourceTree = "<group>";
		};
		C68F03C814905E9500F12C95 /* Products */ = {
			isa = PBXGroup;
			children = (
				C68F03C714905E9500F12C95 /* Dec8.app */,
			);
			name = Products;
			sourceTree = "<group>";
		};
		C68F03CA14905E9500F12C95 /* Frameworks */ = {
			isa = PBXGroup;
			children = (
				C68F03CB14905E9500F12C95 /* UIKit.framework */,
				C68F03CD14905E9500F12C95 /* Foundation.framework */,
				C68F03CF14905E9500F12C95 /* CoreGraphics.framework */,
			);
			name = Frameworks;
			sourceTree = "<group>";
		};
		C68F03D114905E9500F12C95 /* Dec8 */ = {
			isa = PBXGroup;
			children = (
				C68F03DA14905E9500F12C95 /* AppDelegate.h */,
				C68F03DB14905E9500F12C95 /* AppDelegate.m */,
				C68F03DD14905E9500F12C95 /* MainStoryboard.storyboard */,
				C68F03E014905E9500F12C95 /* FirstViewController.h */,
				C68F03E114905E9500F12C95 /* FirstViewController.m */,
				C68F03E714905E9500F12C95 /* SecondViewController.h */,
				C68F03E814905E9500F12C95 /* SecondViewController.m */,
				C6D366791490B9790076C78D /* ModalViewController.h */,
				C6D3667A1490B9790076C78D /* ModalViewController.m */,
				C68F03D214905E9500F12C95 /* Supporting Files */,
			);
			path = Dec8;
			sourceTree = "<group>";
		};
		C68F03D214905E9500F12C95 /* Supporting Files */ = {
			isa = PBXGroup;
			children = (
				C6D3667D1490BFAF0076C78D /* Icon@2x.png */,
				C6D366851490C4B50076C78D /* Icon-72.png */,
				C6D3667F1490BFAF0076C78D /* Icon.png */,
				C68F03FB1490623300F12C95 /* drawing screen cap.png */,
				C68F03FC1490623300F12C95 /* DSCN0419.png */,
				C68F03FD1490623300F12C95 /* DSCN0515.png */,
				C68F03FE1490623300F12C95 /* DSCN1587.png */,
				C68F03E314905E9500F12C95 /* first.png */,
				C68F03E514905E9500F12C95 /* first@2x.png */,
				C68F03EA14905E9500F12C95 /* second.png */,
				C68F03EC14905E9500F12C95 /* second@2x.png */,
				C68F03D314905E9500F12C95 /* Dec8-Info.plist */,
				C68F03D414905E9500F12C95 /* InfoPlist.strings */,
				C68F03D714905E9500F12C95 /* main.m */,
				C68F03D914905E9500F12C95 /* Dec8-Prefix.pch */,
			);
			name = "Supporting Files";
			sourceTree = "<group>";
		};
/* End PBXGroup section */

/* Begin PBXNativeTarget section */
		C68F03C614905E9500F12C95 /* Dec8 */ = {
			isa = PBXNativeTarget;
			buildConfigurationList = C68F03F014905E9500F12C95 /* Build configuration list for PBXNativeTarget "Dec8" */;
			buildPhases = (
				C68F03C314905E9500F12C95 /* Sources */,
				C68F03C414905E9500F12C95 /* Frameworks */,
				C68F03C514905E9500F12C95 /* Resources */,
			);
			buildRules = (
			);
			dependencies = (
			);
			name = Dec8;
			productName = Dec8;
			productReference = C68F03C714905E9500F12C95 /* Dec8.app */;
			productType = "com.apple.product-type.application";
		};
/* End PBXNativeTarget section */

/* Begin PBXProject section */
		C68F03BE14905E9500F12C95 /* Project object */ = {
			isa = PBXProject;
			attributes = {
				LastUpgradeCheck = 0420;
			};
			buildConfigurationList = C68F03C114905E9500F12C95 /* Build configuration list for PBXProject "Dec8" */;
			compatibilityVersion = "Xcode 3.2";
			developmentRegion = English;
			hasScannedForEncodings = 0;
			knownRegions = (
				en,
			);
			mainGroup = C68F03BC14905E9500F12C95;
			productRefGroup = C68F03C814905E9500F12C95 /* Products */;
			projectDirPath = "";
			projectRoot = "";
			targets = (
				C68F03C614905E9500F12C95 /* Dec8 */,
			);
		};
/* End PBXProject section */

/* Begin PBXResourcesBuildPhase section */
		C68F03C514905E9500F12C95 /* Resources */ = {
			isa = PBXResourcesBuildPhase;
			buildActionMask = 2147483647;
			files = (
				C68F03D614905E9500F12C95 /* InfoPlist.strings in Resources */,
				C68F03DF14905E9500F12C95 /* MainStoryboard.storyboard in Resources */,
				C68F03E414905E9500F12C95 /* first.png in Resources */,
				C68F03E614905E9500F12C95 /* first@2x.png in Resources */,
				C68F03EB14905E9500F12C95 /* second.png in Resources */,
				C68F03ED14905E9500F12C95 /* second@2x.png in Resources */,
				C68F03FF1490623300F12C95 /* drawing screen cap.png in Resources */,
				C68F04001490623300F12C95 /* DSCN0419.png in Resources */,
				C68F04011490623300F12C95 /* DSCN0515.png in Resources */,
				C68F04021490623300F12C95 /* DSCN1587.png in Resources */,
				C6D366801490BFAF0076C78D /* Icon@2x.png in Resources */,
				C6D366821490BFAF0076C78D /* Icon.png in Resources */,
				C6D366861490C4B50076C78D /* Icon-72.png in Resources */,
			);
			runOnlyForDeploymentPostprocessing = 0;
		};
/* End PBXResourcesBuildPhase section */

/* Begin PBXSourcesBuildPhase section */
		C68F03C314905E9500F12C95 /* Sources */ = {
			isa = PBXSourcesBuildPhase;
			buildActionMask = 2147483647;
			files = (
				C68F03D814905E9500F12C95 /* main.m in Sources */,
				C68F03DC14905E9500F12C95 /* AppDelegate.m in Sources */,
				C68F03E214905E9500F12C95 /* FirstViewController.m in Sources */,
				C68F03E914905E9500F12C95 /* SecondViewController.m in Sources */,
				C6D3667B1490B97A0076C78D /* ModalViewController.m in Sources */,
			);
			runOnlyForDeploymentPostprocessing = 0;
		};
/* End PBXSourcesBuildPhase section */

/* Begin PBXVariantGroup section */
		C68F03D414905E9500F12C95 /* InfoPlist.strings */ = {
			isa = PBXVariantGroup;
			children = (
				C68F03D514905E9500F12C95 /* en */,
			);
			name = InfoPlist.strings;
			sourceTree = "<group>";
		};
		C68F03DD14905E9500F12C95 /* MainStoryboard.storyboard */ = {
			isa = PBXVariantGroup;
			children = (
				C68F03DE14905E9500F12C95 /* en */,
			);
			name = MainStoryboard.storyboard;
			sourceTree = "<group>";
		};
/* End PBXVariantGroup section */

/* Begin XCBuildConfiguration section */
		C68F03EE14905E9500F12C95 /* Debug */ = {
			isa = XCBuildConfiguration;
			buildSettings = {
				ALWAYS_SEARCH_USER_PATHS = NO;
				ARCHS = "$(ARCHS_STANDARD_32_BIT)";
				CLANG_ENABLE_OBJC_ARC = YES;
				"CODE_SIGN_IDENTITY[sdk=iphoneos*]" = "iPhone Developer";
				COPY_PHASE_STRIP = NO;
				GCC_C_LANGUAGE_STANDARD = gnu99;
				GCC_DYNAMIC_NO_PIC = NO;
				GCC_OPTIMIZATION_LEVEL = 0;
				GCC_PREPROCESSOR_DEFINITIONS = (
					"DEBUG=1",
					"$(inherited)",
				);
				GCC_SYMBOLS_PRIVATE_EXTERN = NO;
				GCC_VERSION = com.apple.compilers.llvm.clang.1_0;
				GCC_WARN_ABOUT_MISSING_PROTOTYPES = YES;
				GCC_WARN_ABOUT_RETURN_TYPE = YES;
				GCC_WARN_UNUSED_VARIABLE = YES;
				IPHONEOS_DEPLOYMENT_TARGET = 5.0;
				SDKROOT = iphoneos;
			};
			name = Debug;
		};
		C68F03EF14905E9500F12C95 /* Release */ = {
			isa = XCBuildConfiguration;
			buildSettings = {
				ALWAYS_SEARCH_USER_PATHS = NO;
				ARCHS = "$(ARCHS_STANDARD_32_BIT)";
				CLANG_ENABLE_OBJC_ARC = YES;
				"CODE_SIGN_IDENTITY[sdk=iphoneos*]" = "iPhone Developer";
				COPY_PHASE_STRIP = YES;
				GCC_C_LANGUAGE_STANDARD = gnu99;
				GCC_VERSION = com.apple.compilers.llvm.clang.1_0;
				GCC_WARN_ABOUT_MISSING_PROTOTYPES = YES;
				GCC_WARN_ABOUT_RETURN_TYPE = YES;
				GCC_WARN_UNUSED_VARIABLE = YES;
				IPHONEOS_DEPLOYMENT_TARGET = 5.0;
				OTHER_CFLAGS = "-DNS_BLOCK_ASSERTIONS=1";
				SDKROOT = iphoneos;
				VALIDATE_PRODUCT = YES;
			};
			name = Release;
		};
		C68F03F114905E9500F12C95 /* Debug */ = {
			isa = XCBuildConfiguration;
			buildSettings = {
				GCC_PRECOMPILE_PREFIX_HEADER = YES;
				GCC_PREFIX_HEADER = "Dec8/Dec8-Prefix.pch";
				INFOPLIST_FILE = "Dec8/Dec8-Info.plist";
				PRODUCT_NAME = "$(TARGET_NAME)";
				WRAPPER_EXTENSION = app;
			};
			name = Debug;
		};
		C68F03F214905E9500F12C95 /* Release */ = {
			isa = XCBuildConfiguration;
			buildSettings = {
				GCC_PRECOMPILE_PREFIX_HEADER = YES;
				GCC_PREFIX_HEADER = "Dec8/Dec8-Prefix.pch";
				INFOPLIST_FILE = "Dec8/Dec8-Info.plist";
				PRODUCT_NAME = "$(TARGET_NAME)";
				WRAPPER_EXTENSION = app;
			};
			name = Release;
		};
/* End XCBuildConfiguration section */

/* Begin XCConfigurationList section */
		C68F03C114905E9500F12C95 /* Build configuration list for PBXProject "Dec8" */ = {
			isa = XCConfigurationList;
			buildConfigurations = (
				C68F03EE14905E9500F12C95 /* Debug */,
				C68F03EF14905E9500F12C95 /* Release */,
			);
			defaultConfigurationIsVisible = 0;
			defaultConfigurationName = Release;
		};
		C68F03F014905E9500F12C95 /* Build configuration list for PBXNativeTarget "Dec8" */ = {
			isa = XCConfigurationList;
			buildConfigurations = (
				C68F03F114905E9500F12C95 /* Debug */,
				C68F03F214905E9500F12C95 /* Release */,
			);
			defaultConfigurationIsVisible = 0;
			defaultConfigurationName = Release;
		};
/* End XCConfigurationList section */
	};
	rootObject = C68F03BE14905E9500F12C95 /* Project object */;
}
